lockfileVersion: '9.0'

settings:
  autoInstallPeers: true
  excludeLinksFromLockfile: false

importers:

  .:
    devDependencies:
      '@gradio/client':
        specifier: ^2.3.1
        version: 2.3.1

packages:

  '@gradio/client@2.3.1':
    resolution: {integrity: sha512-Vznt4Ju/nPCajVMlwbJgfrHp0NGodSNCYxoxQEb9WfwPVF2fSNyobGmIiQ2/xbm7Mkn3afNGRqfmIyjJesjOxw==}
    engines: {node: '>=18.0.0'}

  fetch-event-stream@0.1.6:
    resolution: {integrity: sha512-GREtJ5HNikdU2AXtZ6E/5bk+aslMU6ie5mPG6H9nvsdDkkHQ6m5lHwmmmDTOBexok9hApQ7EprsXCdmz9ZC68w==}

snapshots:

  '@gradio/client@2.3.1':
    dependencies:
      fetch-event-stream: 0.1.6

  fetch-event-stream@0.1.6: {}
